
Microsoft Visual Studio Solution File, Format Version 12.00
# Visual Studio 14
VisualStudioVersion = 14.0.25420.1
MinimumVisualStudioVersion = 10.0.40219.1
Project("{8BC9CEB8-8B4A-11D0-8D11-00A0C91BC942}") = "Client", "Client\Default\Client.vcxproj", "{29B0E8FC-206B-4893-BAED-251F37166CCE}"
EndProject
Project("{8BC9CEB8-8B4A-11D0-8D11-00A0C91BC942}") = "Engine", "Engine\Default\Engine.vcxproj", "{FFF86B19-2FDB-4BA5-ABD3-F26E887184AF}"
EndProject
Project("{8BC9CEB8-8B4A-11D0-8D11-00A0C91BC942}") = "Tool", "Tool\Inlcudes\Tool.vcxproj", "{BDB0464F-AA41-411D-88EA-F09A8BDF9E9C}"
EndProject
Global
	GlobalSection(SolutionConfigurationPlatforms) = preSolution
		Debug|x64 = Debug|x64
		Debug|x86 = Debug|x86
		Release|x64 = Release|x64
		Release|x86 = Release|x86
	EndGlobalSection
	GlobalSection(ProjectConfigurationPlatforms) = postSolution
		{29B0E8FC-206B-4893-BAED-251F37166CCE}.Debug|x64.ActiveCfg = Debug|x64
		{29B0E8FC-206B-4893-BAED-251F37166CCE}.Debug|x64.Build.0 = Debug|x64
		{29B0E8FC-206B-4893-BAED-251F37166CCE}.Debug|x86.ActiveCfg = Debug|Win32
		{29B0E8FC-206B-4893-BAED-251F37166CCE}.Debug|x86.Build.0 = Debug|Win32
		{29B0E8FC-206B-4893-BAED-251F37166CCE}.Release|x64.ActiveCfg = Release|x64
		{29B0E8FC-206B-4893-BAED-251F37166CCE}.Release|x64.Build.0 = Release|x64
		{29B0E8FC-206B-4893-BAED-251F37166CCE}.Release|x86.ActiveCfg = Release|Win32
		{29B0E8FC-206B-4893-BAED-251F37166CCE}.Release|x86.Build.0 = Release|Win32
		{FFF86B19-2FDB-4BA5-ABD3-F26E887184AF}.Debug|x64.ActiveCfg = Debug|x64
		{FFF86B19-2FDB-4BA5-ABD3-F26E887184AF}.Debug|x64.Build.0 = Debug|x64
		{FFF86B19-2FDB-4BA5-ABD3-F26E887184AF}.Debug|x86.ActiveCfg = Debug|Win32
		{FFF86B19-2FDB-4BA5-ABD3-F26E887184AF}.Debug|x86.Build.0 = Debug|Win32
		{FFF86B19-2FDB-4BA5-ABD3-F26E887184AF}.Release|x64.ActiveCfg = Release|x64
		{FFF86B19-2FDB-4BA5-ABD3-F26E887184AF}.Release|x64.Build.0 = Release|x64
		{FFF86B19-2FDB-4BA5-ABD3-F26E887184AF}.Release|x86.ActiveCfg = Release|Win32
		{FFF86B19-2FDB-4BA5-ABD3-F26E887184AF}.Release|x86.Build.0 = Release|Win32
		{BDB0464F-AA41-411D-88EA-F09A8BDF9E9C}.Debug|x64.ActiveCfg = Debug|x64
		{BDB0464F-AA41-411D-88EA-F09A8BDF9E9C}.Debug|x64.Build.0 = Debug|x64
		{BDB0464F-AA41-411D-88EA-F09A8BDF9E9C}.Debug|x86.ActiveCfg = Debug|Win32
		{BDB0464F-AA41-411D-88EA-F09A8BDF9E9C}.Debug|x86.Build.0 = Debug|Win32
		{BDB0464F-AA41-411D-88EA-F09A8BDF9E9C}.Release|x64.ActiveCfg = Release|x64
		{BDB0464F-AA41-411D-88EA-F09A8BDF9E9C}.Release|x64.Build.0 = Release|x64
		{BDB0464F-AA41-411D-88EA-F09A8BDF9E9C}.Release|x86.ActiveCfg = Release|Win32
		{BDB0464F-AA41-411D-88EA-F09A8BDF9E9C}.Release|x86.Build.0 = Release|Win32
	EndGlobalSection
	GlobalSection(SolutionProperties) = preSolution
		HideSolutionNode = FALSE
	EndGlobalSection
EndGlobal
